
Microsoft Visual Studio Solution File, Format Version 12.00
# Visual Studio Version 16
VisualStudioVersion = 16.0.31624.102
MinimumVisualStudioVersion = 10.0.40219.1
Project("{FAE04EC0-301F-11D3-BF4B-00C04F79EFBC}") = "Template.Frontend", "Template.Frontend\Template.Frontend.csproj", "{7D912A88-8CF6-4AD6-AA51-8B9D093DABD1}"
EndProject
Global
	GlobalSection(SolutionConfigurationPlatforms) = preSolution
		Debug|Any CPU = Debug|Any CPU
		Release|Any CPU = Release|Any CPU
	EndGlobalSection
	GlobalSection(ProjectConfigurationPlatforms) = postSolution
		{7D912A88-8CF6-4AD6-AA51-8B9D093DABD1}.Debug|Any CPU.ActiveCfg = Debug|Any CPU
		{7D912A88-8CF6-4AD6-AA51-8B9D093DABD1}.Debug|Any CPU.Build.0 = Debug|Any CPU
		{7D912A88-8CF6-4AD6-AA51-8B9D093DABD1}.Release|Any CPU.ActiveCfg = Release|Any CPU
		{7D912A88-8CF6-4AD6-AA51-8B9D093DABD1}.Release|Any CPU.Build.0 = Release|Any CPU
	EndGlobalSection
	GlobalSection(SolutionProperties) = preSolution
		HideSolutionNode = FALSE
	EndGlobalSection
	GlobalSection(ExtensibilityGlobals) = postSolution
		SolutionGuid = {14D806AD-895E-4203-803A-C732FB24CF72}
	EndGlobalSection
EndGlobal
